
Microsoft Visual Studio Solution File, Format Version 12.00
# Visual Studio Version 16
VisualStudioVersion = 16.0.30804.86
MinimumVisualStudioVersion = 10.0.40219.1
Project("{8BC9CEB8-8B4A-11D0-8D11-00A0C91BC942}") = "St_Iocp_Server", "St_Iocp_Server\St_Iocp_Server.vcxproj", "{3E14E1C9-7DA0-4DDB-A240-FA7D0C799A5B}"
EndProject
Global
	GlobalSection(SolutionConfigurationPlatforms) = preSolution
		Debug|x64 = Debug|x64
		Debug|x86 = Debug|x86
		Release|x64 = Release|x64
		Release|x86 = Release|x86
	EndGlobalSection
	GlobalSection(ProjectConfigurationPlatforms) = postSolution
		{3E14E1C9-7DA0-4DDB-A240-FA7D0C799A5B}.Debug|x64.ActiveCfg = Debug|x64
		{3E14E1C9-7DA0-4DDB-A240-FA7D0C799A5B}.Debug|x64.Build.0 = Debug|x64
		{3E14E1C9-7DA0-4DDB-A240-FA7D0C799A5B}.Debug|x86.ActiveCfg = Debug|Win32
		{3E14E1C9-7DA0-4DDB-A240-FA7D0C799A5B}.Debug|x86.Build.0 = Debug|Win32
		{3E14E1C9-7DA0-4DDB-A240-FA7D0C799A5B}.Release|x64.ActiveCfg = Release|x64
		{3E14E1C9-7DA0-4DDB-A240-FA7D0C799A5B}.Release|x64.Build.0 = Release|x64
		{3E14E1C9-7DA0-4DDB-A240-FA7D0C799A5B}.Release|x86.ActiveCfg = Release|Win32
		{3E14E1C9-7DA0-4DDB-A240-FA7D0C799A5B}.Release|x86.Build.0 = Release|Win32
	EndGlobalSection
	GlobalSection(SolutionProperties) = preSolution
		HideSolutionNode = FALSE
	EndGlobalSection
	GlobalSection(ExtensibilityGlobals) = postSolution
		SolutionGuid = {54C8344D-4676-416E-8795-4DC8469E8975}
	EndGlobalSection
EndGlobal
